
Microsoft Visual Studio Solution File, Format Version 12.00
# Visual Studio Version 17
VisualStudioVersion = 17.1.32210.238
MinimumVisualStudioVersion = 10.0.40219.1
Project("{8BC9CEB8-8B4A-11D0-8D11-00A0C91BC942}") = "V1", "V1\V1.vcxproj", "{BDF66593-6F42-42A9-BB2E-E7E5F89A969A}"
EndProject
Global
	GlobalSection(SolutionConfigurationPlatforms) = preSolution
		Debug|x64 = Debug|x64
		Debug|x86 = Debug|x86
		Release|x64 = Release|x64
		Release|x86 = Release|x86
	EndGlobalSection
	GlobalSection(ProjectConfigurationPlatforms) = postSolution
		{BDF66593-6F42-42A9-BB2E-E7E5F89A969A}.Debug|x64.ActiveCfg = Debug|x64
		{BDF66593-6F42-42A9-BB2E-E7E5F89A969A}.Debug|x64.Build.0 = Debug|x64
		{BDF66593-6F42-42A9-BB2E-E7E5F89A969A}.Debug|x86.ActiveCfg = Debug|Win32
		{BDF66593-6F42-42A9-BB2E-E7E5F89A969A}.Debug|x86.Build.0 = Debug|Win32
		{BDF66593-6F42-42A9-BB2E-E7E5F89A969A}.Release|x64.ActiveCfg = Release|x64
		{BDF66593-6F42-42A9-BB2E-E7E5F89A969A}.Release|x64.Build.0 = Release|x64
		{BDF66593-6F42-42A9-BB2E-E7E5F89A969A}.Release|x86.ActiveCfg = Release|Win32
		{BDF66593-6F42-42A9-BB2E-E7E5F89A969A}.Release|x86.Build.0 = Release|Win32
	EndGlobalSection
	GlobalSection(SolutionProperties) = preSolution
		HideSolutionNode = FALSE
	EndGlobalSection
	GlobalSection(ExtensibilityGlobals) = postSolution
		SolutionGuid = {67E6C6D4-C142-4078-A1C7-F4A66BCE820C}
	EndGlobalSection
EndGlobal
